
Microsoft Visual Studio Solution File, Format Version 12.00
# Visual Studio Version 17
VisualStudioVersion = 17.5.33424.131
MinimumVisualStudioVersion = 10.0.40219.1
Project("{FAE04EC0-301F-11D3-BF4B-00C04F79EFBC}") = "Assignment7", "Assignment7\Assignment7.csproj", "{8081B990-4829-466D-9C86-42DA5E3FB50D}"
EndProject
Global
	GlobalSection(SolutionConfigurationPlatforms) = preSolution
		Debug|Any CPU = Debug|Any CPU
		Release|Any CPU = Release|Any CPU
	EndGlobalSection
	GlobalSection(ProjectConfigurationPlatforms) = postSolution
		{8081B990-4829-466D-9C86-42DA5E3FB50D}.Debug|Any CPU.ActiveCfg = Debug|Any CPU
		{8081B990-4829-466D-9C86-42DA5E3FB50D}.Debug|Any CPU.Build.0 = Debug|Any CPU
		{8081B990-4829-466D-9C86-42DA5E3FB50D}.Release|Any CPU.ActiveCfg = Release|Any CPU
		{8081B990-4829-466D-9C86-42DA5E3FB50D}.Release|Any CPU.Build.0 = Release|Any CPU
	EndGlobalSection
	GlobalSection(SolutionProperties) = preSolution
		HideSolutionNode = FALSE
	EndGlobalSection
	GlobalSection(ExtensibilityGlobals) = postSolution
		SolutionGuid = {6B58C933-0C74-46C6-918E-2A9601B5E9ED}
	EndGlobalSection
EndGlobal
